
Microsoft Visual Studio Solution File, Format Version 12.00
# Visual Studio 15
VisualStudioVersion = 15.0.26430.14
MinimumVisualStudioVersion = 10.0.40219.1
Project("{FAE04EC0-301F-11D3-BF4B-00C04F79EFBC}") = "ArkSite", "ArkSite\ArkSite.csproj", "{A6D96C1F-1AED-43D4-A819-6AACF2DF1124}"
EndProject
Project("{FAE04EC0-301F-11D3-BF4B-00C04F79EFBC}") = "WebApplicationMVC", "WebApplicationMVC\WebApplicationMVC.csproj", "{324F949A-B54B-42B8-AA75-04BC2C86C35A}"
EndProject
Global
	GlobalSection(SolutionConfigurationPlatforms) = preSolution
		Debug|Any CPU = Debug|Any CPU
		Release|Any CPU = Release|Any CPU
	EndGlobalSection
	GlobalSection(ProjectConfigurationPlatforms) = postSolution
		{A6D96C1F-1AED-43D4-A819-6AACF2DF1124}.Debug|Any CPU.ActiveCfg = Debug|Any CPU
		{A6D96C1F-1AED-43D4-A819-6AACF2DF1124}.Debug|Any CPU.Build.0 = Debug|Any CPU
		{A6D96C1F-1AED-43D4-A819-6AACF2DF1124}.Release|Any CPU.ActiveCfg = Release|Any CPU
		{A6D96C1F-1AED-43D4-A819-6AACF2DF1124}.Release|Any CPU.Build.0 = Release|Any CPU
		{324F949A-B54B-42B8-AA75-04BC2C86C35A}.Debug|Any CPU.ActiveCfg = Debug|Any CPU
		{324F949A-B54B-42B8-AA75-04BC2C86C35A}.Debug|Any CPU.Build.0 = Debug|Any CPU
		{324F949A-B54B-42B8-AA75-04BC2C86C35A}.Release|Any CPU.ActiveCfg = Release|Any CPU
		{324F949A-B54B-42B8-AA75-04BC2C86C35A}.Release|Any CPU.Build.0 = Release|Any CPU
	EndGlobalSection
	GlobalSection(SolutionProperties) = preSolution
		HideSolutionNode = FALSE
	EndGlobalSection
EndGlobal
